
Microsoft Visual Studio Solution File, Format Version 12.00

Project("{FAE04EC0-301F-11D3-BF4B-00C04F79EFBC}") = "Norika.MsBuild.Model", "Norika.MsBuild.Model\Norika.MsBuild.Model.csproj", "{BB2BEB15-25FF-4471-863B-E80232B0CCDC}"
EndProject
Project("{FAE04EC0-301F-11D3-BF4B-00C04F79EFBC}") = "Norika.MsBuild.Core.Data", "Norika.MsBuild.Core.Data\Norika.MsBuild.Core.Data.csproj", "{1B2A4FA2-CCFF-49CB-A36D-C49B84BFFDDE}"
EndProject
Project("{FAE04EC0-301F-11D3-BF4B-00C04F79EFBC}") = "Norika.MsBuild.Data.UnitTests", "Norika.MsBuild.Data.UnitTests\Norika.MsBuild.Data.UnitTests.csproj", "{205D851D-0530-4232-8DDF-CA007A55BB50}"
EndProject
Project("{FAE04EC0-301F-11D3-BF4B-00C04F79EFBC}") = "Norika.MsBuild.Core.Data.IntegrationTest", "Norika.MsBuild.Core.Data.IntegrationTest\Norika.MsBuild.Core.Data.IntegrationTest.csproj", "{196486F5-AAAD-40DE-99D9-0CC14544F3B7}"
EndProject
Global
	GlobalSection(SolutionConfigurationPlatforms) = preSolution
		Debug|Any CPU = Debug|Any CPU
		Release|Any CPU = Release|Any CPU
	EndGlobalSection
	GlobalSection(ProjectConfigurationPlatforms) = postSolution
		
		{BB2BEB15-25FF-4471-863B-E80232B0CCDC}.Debug|Any CPU.ActiveCfg = Debug|Any CPU
		{BB2BEB15-25FF-4471-863B-E80232B0CCDC}.Debug|Any CPU.Build.0 = Debug|Any CPU
		{BB2BEB15-25FF-4471-863B-E80232B0CCDC}.Release|Any CPU.ActiveCfg = Release|Any CPU
		{BB2BEB15-25FF-4471-863B-E80232B0CCDC}.Release|Any CPU.Build.0 = Release|Any CPU
		{1B2A4FA2-CCFF-49CB-A36D-C49B84BFFDDE}.Debug|Any CPU.ActiveCfg = Debug|Any CPU
		{1B2A4FA2-CCFF-49CB-A36D-C49B84BFFDDE}.Debug|Any CPU.Build.0 = Debug|Any CPU
		{1B2A4FA2-CCFF-49CB-A36D-C49B84BFFDDE}.Release|Any CPU.ActiveCfg = Release|Any CPU
		{1B2A4FA2-CCFF-49CB-A36D-C49B84BFFDDE}.Release|Any CPU.Build.0 = Release|Any CPU
		{205D851D-0530-4232-8DDF-CA007A55BB50}.Debug|Any CPU.ActiveCfg = Debug|Any CPU
		{205D851D-0530-4232-8DDF-CA007A55BB50}.Debug|Any CPU.Build.0 = Debug|Any CPU
		{205D851D-0530-4232-8DDF-CA007A55BB50}.Release|Any CPU.ActiveCfg = Release|Any CPU
		{205D851D-0530-4232-8DDF-CA007A55BB50}.Release|Any CPU.Build.0 = Release|Any CPU
		{196486F5-AAAD-40DE-99D9-0CC14544F3B7}.Debug|Any CPU.ActiveCfg = Debug|Any CPU
		{196486F5-AAAD-40DE-99D9-0CC14544F3B7}.Debug|Any CPU.Build.0 = Debug|Any CPU
		{196486F5-AAAD-40DE-99D9-0CC14544F3B7}.Release|Any CPU.ActiveCfg = Release|Any CPU
		{196486F5-AAAD-40DE-99D9-0CC14544F3B7}.Release|Any CPU.Build.0 = Release|Any CPU
	EndGlobalSection
EndGlobal
